<?xml version="1.0" encoding="utf-8"?>
<Project ToolsVersion="4.0" xmlns="http://schemas.microsoft.com/developer/msbuild/2003">
  <ItemGroup>
    <Filter Include="Source Files">
      <UniqueIdentifier>{4FC737F1-C7A5-4376-A066-2A32D752A2FF}</UniqueIdentifier>
      <Extensions>cpp;c;cc;cxx;def;odl;idl;hpj;bat;asm;asmx</Extensions>
    </Filter>
    <Filter Include="Header Files">
      <UniqueIdentifier>{93995380-89BD-4b04-88EB-625FBE52EBFB}</UniqueIdentifier>
      <Extensions>h;hh;hpp;hxx;hm;inl;inc;xsd</Extensions>
    </Filter>
    <Filter Include="Resource Files">
      <UniqueIdentifier>{67DA6AB6-F800-4c08-8B7A-83BB121AAD01}</UniqueIdentifier>
      <Extensions>rc;ico;cur;bmp;dlg;rc2;rct;bin;rgs;gif;jpg;jpeg;jpe;resx;tiff;tif;png;wav;mfcribbon-ms</Extensions>
    </Filter>
    <Filter Include="Header Files\MPAHeader">
      <UniqueIdentifier>{0d4ab3d9-3842-44ec-b274-11993d6c5d74}</UniqueIdentifier>
    </Filter>
    <Filter Include="Source Files\MPAHeader">
      <UniqueIdentifier>{51b4522e-7b62-4255-8f63-807f62e3e1ac}</UniqueIdentifier>
    </Filter>
  </ItemGroup>
  <ItemGroup>
    <ClInclude Include="..\include\util_sound.hpp">
      <Filter>Header Files</Filter>
    </ClInclude>
    <ClInclude Include="..\include\util_sound_definitions.hpp">
      <Filter>Header Files</Filter>
    </ClInclude>
    <ClInclude Include="..\src\MPAVFileStream.hpp">
      <Filter>Header Files\MPAHeader</Filter>
    </ClInclude>
    <ClInclude Include="..\src\mpaheader\APETag.h">
      <Filter>Header Files\MPAHeader</Filter>
    </ClInclude>
    <ClInclude Include="..\src\mpaheader\ID3V1Tag.h">
      <Filter>Header Files\MPAHeader</Filter>
    </ClInclude>
    <ClInclude Include="..\src\mpaheader\ID3V2Tag.h">
      <Filter>Header Files\MPAHeader</Filter>
    </ClInclude>
    <ClInclude Include="..\src\mpaheader\LameTag.h">
      <Filter>Header Files\MPAHeader</Filter>
    </ClInclude>
    <ClInclude Include="..\src\mpaheader\Lyrics3Tag.h">
      <Filter>Header Files\MPAHeader</Filter>
    </ClInclude>
    <ClInclude Include="..\src\mpaheader\MPAEndOfFileException.h">
      <Filter>Header Files\MPAHeader</Filter>
    </ClInclude>
    <ClInclude Include="..\src\mpaheader\MPAException.h">
      <Filter>Header Files\MPAHeader</Filter>
    </ClInclude>
    <ClInclude Include="..\src\mpaheader\MPAFile.h">
      <Filter>Header Files\MPAHeader</Filter>
    </ClInclude>
    <ClInclude Include="..\src\mpaheader\MPAFileStream.h">
      <Filter>Header Files\MPAHeader</Filter>
    </ClInclude>
    <ClInclude Include="..\src\mpaheader\MPAFrame.h">
      <Filter>Header Files\MPAHeader</Filter>
    </ClInclude>
    <ClInclude Include="..\src\mpaheader\MPAHeader.h">
      <Filter>Header Files\MPAHeader</Filter>
    </ClInclude>
    <ClInclude Include="..\src\mpaheader\MPAStream.h">
      <Filter>Header Files\MPAHeader</Filter>
    </ClInclude>
    <ClInclude Include="..\src\mpaheader\MusicMatchTag.h">
      <Filter>Header Files\MPAHeader</Filter>
    </ClInclude>
    <ClInclude Include="..\src\mpaheader\Tag.h">
      <Filter>Header Files\MPAHeader</Filter>
    </ClInclude>
    <ClInclude Include="..\src\mpaheader\Tags.h">
      <Filter>Header Files\MPAHeader</Filter>
    </ClInclude>
    <ClInclude Include="..\src\mpaheader\VBRHeader.h">
      <Filter>Header Files\MPAHeader</Filter>
    </ClInclude>
    <ClInclude Include="..\src\mpaheader\VBRIHeader.h">
      <Filter>Header Files\MPAHeader</Filter>
    </ClInclude>
    <ClInclude Include="..\src\mpaheader\XINGHeader.h">
      <Filter>Header Files\MPAHeader</Filter>
    </ClInclude>
  </ItemGroup>
  <ItemGroup>
    <ClCompile Include="..\src\mpaheader\APETag.cpp">
      <Filter>Source Files\MPAHeader</Filter>
    </ClCompile>
    <ClCompile Include="..\src\mpaheader\ID3V1Tag.cpp">
      <Filter>Source Files\MPAHeader</Filter>
    </ClCompile>
    <ClCompile Include="..\src\mpaheader\ID3V2Tag.cpp">
      <Filter>Source Files\MPAHeader</Filter>
    </ClCompile>
    <ClCompile Include="..\src\mpaheader\LameTag.cpp">
      <Filter>Source Files\MPAHeader</Filter>
    </ClCompile>
    <ClCompile Include="..\src\mpaheader\Lyrics3Tag.cpp">
      <Filter>Source Files\MPAHeader</Filter>
    </ClCompile>
    <ClCompile Include="..\src\mpaheader\MPAEndOfFileException.cpp">
      <Filter>Source Files\MPAHeader</Filter>
    </ClCompile>
    <ClCompile Include="..\src\mpaheader\MPAException.cpp">
      <Filter>Source Files\MPAHeader</Filter>
    </ClCompile>
    <ClCompile Include="..\src\mpaheader\MPAFile.cpp">
      <Filter>Source Files\MPAHeader</Filter>
    </ClCompile>
    <ClCompile Include="..\src\mpaheader\MPAFileStream.cpp">
      <Filter>Source Files\MPAHeader</Filter>
    </ClCompile>
    <ClCompile Include="..\src\mpaheader\MPAFrame.cpp">
      <Filter>Source Files\MPAHeader</Filter>
    </ClCompile>
    <ClCompile Include="..\src\mpaheader\MPAHeader.cpp">
      <Filter>Source Files\MPAHeader</Filter>
    </ClCompile>
    <ClCompile Include="..\src\mpaheader\MPAStream.cpp">
      <Filter>Source Files\MPAHeader</Filter>
    </ClCompile>
    <ClCompile Include="..\src\mpaheader\MusicMatchTag.cpp">
      <Filter>Source Files\MPAHeader</Filter>
    </ClCompile>
    <ClCompile Include="..\src\mpaheader\Tag.cpp">
      <Filter>Source Files\MPAHeader</Filter>
    </ClCompile>
    <ClCompile Include="..\src\mpaheader\Tags.cpp">
      <Filter>Source Files\MPAHeader</Filter>
    </ClCompile>
    <ClCompile Include="..\src\mpaheader\VBRHeader.cpp">
      <Filter>Source Files\MPAHeader</Filter>
    </ClCompile>
    <ClCompile Include="..\src\mpaheader\VBRIHeader.cpp">
      <Filter>Source Files\MPAHeader</Filter>
    </ClCompile>
    <ClCompile Include="..\src\mpaheader\XINGHeader.cpp">
      <Filter>Source Files\MPAHeader</Filter>
    </ClCompile>
    <ClCompile Include="..\src\MPAVFileStream.cpp">
      <Filter>Source Files</Filter>
    </ClCompile>
    <ClCompile Include="..\src\util_sound.cpp">
      <Filter>Source Files</Filter>
    </ClCompile>
  </ItemGroup>
</Project>